// !$*UTF8*$!
{
	archiveVersion = 1;
	classes = {
	};
	objectVersion = 50;
	objects = {

/* Begin PBXBuildFile section */
		5A1FB0CC226AB75300D7681A /* ToolBarView.swift in Sources */ = {isa = PBXBuildFile; fileRef = 5A1FB0CB226AB75300D7681A /* ToolBarView.swift */; };
		5A1FB0CE226AB79A00D7681A /* ToolBarView.xib in Resources */ = {isa = PBXBuildFile; fileRef = 5A1FB0CD226AB79A00D7681A /* ToolBarView.xib */; };
		5A1FB0D2226AC08F00D7681A /* InsightButton.swift in Sources */ = {isa = PBXBuildFile; fileRef = 5A1FB0D1226AC08F00D7681A /* InsightButton.swift */; };
		5A1FB0D5226B715100D7681A /* LaserPointerView.swift in Sources */ = {isa = PBXBuildFile; fileRef = 5A1FB0D4226B715100D7681A /* LaserPointerView.swift */; };
		5A1FB0D7226B739800D7681A /* LaserPointerView.xib in Resources */ = {isa = PBXBuildFile; fileRef = 5A1FB0D6226B739800D7681A /* LaserPointerView.xib */; };
		5A33CCFB225956B900734BC6 /* AppDelegate.swift in Sources */ = {isa = PBXBuildFile; fileRef = 5A33CCFA225956B900734BC6 /* AppDelegate.swift */; };
		5A33CD02225956BC00734BC6 /* Assets.xcassets in Resources */ = {isa = PBXBuildFile; fileRef = 5A33CD01225956BC00734BC6 /* Assets.xcassets */; };
		5A33CD10225956BC00734BC6 /* InsightTests.swift in Sources */ = {isa = PBXBuildFile; fileRef = 5A33CD0F225956BC00734BC6 /* InsightTests.swift */; };
		5A33CD1B225956BC00734BC6 /* InsightUITests.swift in Sources */ = {isa = PBXBuildFile; fileRef = 5A33CD1A225956BC00734BC6 /* InsightUITests.swift */; };
		5A33CD302259596100734BC6 /* InsightViewController.swift in Sources */ = {isa = PBXBuildFile; fileRef = 5A33CD2F2259596100734BC6 /* InsightViewController.swift */; };
		5A33CD322259599000734BC6 /* InsightPresenter.swift in Sources */ = {isa = PBXBuildFile; fileRef = 5A33CD312259599000734BC6 /* InsightPresenter.swift */; };
		5A33CD34225959A900734BC6 /* InsightInteractor.swift in Sources */ = {isa = PBXBuildFile; fileRef = 5A33CD33225959A900734BC6 /* InsightInteractor.swift */; };
		5A33CD3622595A3D00734BC6 /* InsightWireframe.swift in Sources */ = {isa = PBXBuildFile; fileRef = 5A33CD3522595A3D00734BC6 /* InsightWireframe.swift */; };
		5A33CD3822595C2600734BC6 /* InsightPresenterProtocols.swift in Sources */ = {isa = PBXBuildFile; fileRef = 5A33CD3722595C2600734BC6 /* InsightPresenterProtocols.swift */; };
		5A33CD3A22595C6C00734BC6 /* InsightInteractorProtocols.swift in Sources */ = {isa = PBXBuildFile; fileRef = 5A33CD3922595C6C00734BC6 /* InsightInteractorProtocols.swift */; };
		5A33CD3C2259604F00734BC6 /* InsightViewControllerBuilder.swift in Sources */ = {isa = PBXBuildFile; fileRef = 5A33CD3B2259604F00734BC6 /* InsightViewControllerBuilder.swift */; };
		5A33CD3E225960E000734BC6 /* InsightPresenterBuilder.swift in Sources */ = {isa = PBXBuildFile; fileRef = 5A33CD3D225960E000734BC6 /* InsightPresenterBuilder.swift */; };
		5A33CD402259617B00734BC6 /* InsightInteractorBuilder.swift in Sources */ = {isa = PBXBuildFile; fileRef = 5A33CD3F2259617B00734BC6 /* InsightInteractorBuilder.swift */; };
		5A33CD4722597D5A00734BC6 /* InsightViewController.xib in Resources */ = {isa = PBXBuildFile; fileRef = 5A33CD4622597D5A00734BC6 /* InsightViewController.xib */; };
		5A33CD54225981F300734BC6 /* RecordBarView.xib in Resources */ = {isa = PBXBuildFile; fileRef = 5A33CD4F225981F300734BC6 /* RecordBarView.xib */; };
		5A33CD562259829F00734BC6 /* RecordBarView.swift in Sources */ = {isa = PBXBuildFile; fileRef = 5A33CD552259829F00734BC6 /* RecordBarView.swift */; };
		5A33CD5A225998F500734BC6 /* UIView.swift in Sources */ = {isa = PBXBuildFile; fileRef = 5A33CD59225998F500734BC6 /* UIView.swift */; };
		5A33CD5C2259BAC800734BC6 /* LaunchScreen.xib in Resources */ = {isa = PBXBuildFile; fileRef = 5A33CD5B2259BAC800734BC6 /* LaunchScreen.xib */; };
		5A33CD5F225AB8F500734BC6 /* WebCamView.swift in Sources */ = {isa = PBXBuildFile; fileRef = 5A33CD5E225AB8F500734BC6 /* WebCamView.swift */; };
/* End PBXBuildFile section */

/* Begin PBXContainerItemProxy section */
		5A33CD0C225956BC00734BC6 /* PBXContainerItemProxy */ = {
			isa = PBXContainerItemProxy;
			containerPortal = 5A33CCEF225956B900734BC6 /* Project object */;
			proxyType = 1;
			remoteGlobalIDString = 5A33CCF6225956B900734BC6;
			remoteInfo = Insight;
		};
		5A33CD17225956BC00734BC6 /* PBXContainerItemProxy */ = {
			isa = PBXContainerItemProxy;
			containerPortal = 5A33CCEF225956B900734BC6 /* Project object */;
			proxyType = 1;
			remoteGlobalIDString = 5A33CCF6225956B900734BC6;
			remoteInfo = Insight;
		};
/* End PBXContainerItemProxy section */

/* Begin PBXFileReference section */
		5A1FB0CB226AB75300D7681A /* ToolBarView.swift */ = {isa = PBXFileReference; lastKnownFileType = sourcecode.swift; path = ToolBarView.swift; sourceTree = "<group>"; };
		5A1FB0CD226AB79A00D7681A /* ToolBarView.xib */ = {isa = PBXFileReference; lastKnownFileType = file.xib; path = ToolBarView.xib; sourceTree = "<group>"; };
		5A1FB0D1226AC08F00D7681A /* InsightButton.swift */ = {isa = PBXFileReference; lastKnownFileType = sourcecode.swift; path = InsightButton.swift; sourceTree = "<group>"; };
		5A1FB0D4226B715100D7681A /* LaserPointerView.swift */ = {isa = PBXFileReference; lastKnownFileType = sourcecode.swift; path = LaserPointerView.swift; sourceTree = "<group>"; };
		5A1FB0D6226B739800D7681A /* LaserPointerView.xib */ = {isa = PBXFileReference; lastKnownFileType = file.xib; path = LaserPointerView.xib; sourceTree = "<group>"; };
		5A33CCF7225956B900734BC6 /* Insight.app */ = {isa = PBXFileReference; explicitFileType = wrapper.application; includeInIndex = 0; path = Insight.app; sourceTree = BUILT_PRODUCTS_DIR; };
		5A33CCFA225956B900734BC6 /* AppDelegate.swift */ = {isa = PBXFileReference; lastKnownFileType = sourcecode.swift; path = AppDelegate.swift; sourceTree = "<group>"; };
		5A33CD01225956BC00734BC6 /* Assets.xcassets */ = {isa = PBXFileReference; lastKnownFileType = folder.assetcatalog; path = Assets.xcassets; sourceTree = "<group>"; };
		5A33CD06225956BC00734BC6 /* Info.plist */ = {isa = PBXFileReference; lastKnownFileType = text.plist.xml; path = Info.plist; sourceTree = "<group>"; };
		5A33CD0B225956BC00734BC6 /* InsightTests.xctest */ = {isa = PBXFileReference; explicitFileType = wrapper.cfbundle; includeInIndex = 0; path = InsightTests.xctest; sourceTree = BUILT_PRODUCTS_DIR; };
		5A33CD0F225956BC00734BC6 /* InsightTests.swift */ = {isa = PBXFileReference; lastKnownFileType = sourcecode.swift; path = InsightTests.swift; sourceTree = "<group>"; };
		5A33CD11225956BC00734BC6 /* Info.plist */ = {isa = PBXFileReference; lastKnownFileType = text.plist.xml; path = Info.plist; sourceTree = "<group>"; };
		5A33CD16225956BC00734BC6 /* InsightUITests.xctest */ = {isa = PBXFileReference; explicitFileType = wrapper.cfbundle; includeInIndex = 0; path = InsightUITests.xctest; sourceTree = BUILT_PRODUCTS_DIR; };
		5A33CD1A225956BC00734BC6 /* InsightUITests.swift */ = {isa = PBXFileReference; lastKnownFileType = sourcecode.swift; path = InsightUITests.swift; sourceTree = "<group>"; };
		5A33CD1C225956BC00734BC6 /* Info.plist */ = {isa = PBXFileReference; lastKnownFileType = text.plist.xml; path = Info.plist; sourceTree = "<group>"; };
		5A33CD2F2259596100734BC6 /* InsightViewController.swift */ = {isa = PBXFileReference; lastKnownFileType = sourcecode.swift; path = InsightViewController.swift; sourceTree = "<group>"; };
		5A33CD312259599000734BC6 /* InsightPresenter.swift */ = {isa = PBXFileReference; lastKnownFileType = sourcecode.swift; path = InsightPresenter.swift; sourceTree = "<group>"; };
		5A33CD33225959A900734BC6 /* InsightInteractor.swift */ = {isa = PBXFileReference; lastKnownFileType = sourcecode.swift; path = InsightInteractor.swift; sourceTree = "<group>"; };
		5A33CD3522595A3D00734BC6 /* InsightWireframe.swift */ = {isa = PBXFileReference; lastKnownFileType = sourcecode.swift; path = InsightWireframe.swift; sourceTree = "<group>"; };
		5A33CD3722595C2600734BC6 /* InsightPresenterProtocols.swift */ = {isa = PBXFileReference; lastKnownFileType = sourcecode.swift; path = InsightPresenterProtocols.swift; sourceTree = "<group>"; };
		5A33CD3922595C6C00734BC6 /* InsightInteractorProtocols.swift */ = {isa = PBXFileReference; lastKnownFileType = sourcecode.swift; path = InsightInteractorProtocols.swift; sourceTree = "<group>"; };
		5A33CD3B2259604F00734BC6 /* InsightViewControllerBuilder.swift */ = {isa = PBXFileReference; lastKnownFileType = sourcecode.swift; path = InsightViewControllerBuilder.swift; sourceTree = "<group>"; };
		5A33CD3D225960E000734BC6 /* InsightPresenterBuilder.swift */ = {isa = PBXFileReference; lastKnownFileType = sourcecode.swift; path = InsightPresenterBuilder.swift; sourceTree = "<group>"; };
		5A33CD3F2259617B00734BC6 /* InsightInteractorBuilder.swift */ = {isa = PBXFileReference; lastKnownFileType = sourcecode.swift; path = InsightInteractorBuilder.swift; sourceTree = "<group>"; };
		5A33CD4622597D5A00734BC6 /* InsightViewController.xib */ = {isa = PBXFileReference; lastKnownFileType = file.xib; path = InsightViewController.xib; sourceTree = "<group>"; };
		5A33CD4F225981F300734BC6 /* RecordBarView.xib */ = {isa = PBXFileReference; fileEncoding = 4; lastKnownFileType = file.xib; path = RecordBarView.xib; sourceTree = "<group>"; };
		5A33CD552259829F00734BC6 /* RecordBarView.swift */ = {isa = PBXFileReference; lastKnownFileType = sourcecode.swift; path = RecordBarView.swift; sourceTree = "<group>"; };
		5A33CD59225998F500734BC6 /* UIView.swift */ = {isa = PBXFileReference; lastKnownFileType = sourcecode.swift; path = UIView.swift; sourceTree = "<group>"; };
		5A33CD5B2259BAC800734BC6 /* LaunchScreen.xib */ = {isa = PBXFileReference; fileEncoding = 4; lastKnownFileType = file.xib; path = LaunchScreen.xib; sourceTree = "<group>"; };
		5A33CD5E225AB8F500734BC6 /* WebCamView.swift */ = {isa = PBXFileReference; lastKnownFileType = sourcecode.swift; path = WebCamView.swift; sourceTree = "<group>"; };
/* End PBXFileReference section */

/* Begin PBXFrameworksBuildPhase section */
		5A33CCF4225956B900734BC6 /* Frameworks */ = {
			isa = PBXFrameworksBuildPhase;
			buildActionMask = 2147483647;
			files = (
			);
			runOnlyForDeploymentPostprocessing = 0;
		};
		5A33CD08225956BC00734BC6 /* Frameworks */ = {
			isa = PBXFrameworksBuildPhase;
			buildActionMask = 2147483647;
			files = (
			);
			runOnlyForDeploymentPostprocessing = 0;
		};
		5A33CD13225956BC00734BC6 /* Frameworks */ = {
			isa = PBXFrameworksBuildPhase;
			buildActionMask = 2147483647;
			files = (
			);
			runOnlyForDeploymentPostprocessing = 0;
		};
/* End PBXFrameworksBuildPhase section */

/* Begin PBXGroup section */
		5A1FB0C9226AB70900D7681A /* RecordBar */ = {
			isa = PBXGroup;
			children = (
				5A33CD4F225981F300734BC6 /* RecordBarView.xib */,
				5A33CD552259829F00734BC6 /* RecordBarView.swift */,
			);
			path = RecordBar;
			sourceTree = "<group>";
		};
		5A1FB0CA226AB71700D7681A /* ToolBar */ = {
			isa = PBXGroup;
			children = (
				5A1FB0CB226AB75300D7681A /* ToolBarView.swift */,
				5A1FB0CD226AB79A00D7681A /* ToolBarView.xib */,
			);
			path = ToolBar;
			sourceTree = "<group>";
		};
		5A1FB0D3226B711B00D7681A /* LaserPointer */ = {
			isa = PBXGroup;
			children = (
				5A1FB0D4226B715100D7681A /* LaserPointerView.swift */,
				5A1FB0D6226B739800D7681A /* LaserPointerView.xib */,
			);
			path = LaserPointer;
			sourceTree = "<group>";
		};
		5A33CCEE225956B900734BC6 = {
			isa = PBXGroup;
			children = (
				5A33CCF9225956B900734BC6 /* Insight */,
				5A33CD0E225956BC00734BC6 /* InsightTests */,
				5A33CD19225956BC00734BC6 /* InsightUITests */,
				5A33CCF8225956B900734BC6 /* Products */,
			);
			sourceTree = "<group>";
		};
		5A33CCF8225956B900734BC6 /* Products */ = {
			isa = PBXGroup;
			children = (
				5A33CCF7225956B900734BC6 /* Insight.app */,
				5A33CD0B225956BC00734BC6 /* InsightTests.xctest */,
				5A33CD16225956BC00734BC6 /* InsightUITests.xctest */,
			);
			name = Products;
			sourceTree = "<group>";
		};
		5A33CCF9225956B900734BC6 /* Insight */ = {
			isa = PBXGroup;
			children = (
				5A33CD57225998CC00734BC6 /* Core */,
				5A33CD282259574D00734BC6 /* Modules */,
				5A33CCFA225956B900734BC6 /* AppDelegate.swift */,
				5A33CD01225956BC00734BC6 /* Assets.xcassets */,
				5A33CD5B2259BAC800734BC6 /* LaunchScreen.xib */,
				5A33CD06225956BC00734BC6 /* Info.plist */,
			);
			path = Insight;
			sourceTree = "<group>";
		};
		5A33CD0E225956BC00734BC6 /* InsightTests */ = {
			isa = PBXGroup;
			children = (
				5A33CD412259694700734BC6 /* Modules */,
				5A33CD0F225956BC00734BC6 /* InsightTests.swift */,
				5A33CD11225956BC00734BC6 /* Info.plist */,
			);
			path = InsightTests;
			sourceTree = "<group>";
		};
		5A33CD19225956BC00734BC6 /* InsightUITests */ = {
			isa = PBXGroup;
			children = (
				5A33CD1A225956BC00734BC6 /* InsightUITests.swift */,
				5A33CD1C225956BC00734BC6 /* Info.plist */,
			);
			path = InsightUITests;
			sourceTree = "<group>";
		};
		5A33CD282259574D00734BC6 /* Modules */ = {
			isa = PBXGroup;
			children = (
				5A33CD292259576A00734BC6 /* Insight */,
			);
			path = Modules;
			sourceTree = "<group>";
		};
		5A33CD292259576A00734BC6 /* Insight */ = {
			isa = PBXGroup;
			children = (
				5A33CD2D2259578C00734BC6 /* Entity */,
				5A33CD2C2259578500734BC6 /* Interactor */,
				5A33CD2B2259577F00734BC6 /* Presenter */,
				5A33CD2A2259577A00734BC6 /* View */,
				5A33CD2E2259579300734BC6 /* Wireframe */,
			);
			path = Insight;
			sourceTree = "<group>";
		};
		5A33CD2A2259577A00734BC6 /* View */ = {
			isa = PBXGroup;
			children = (
				5A1FB0D3226B711B00D7681A /* LaserPointer */,
				5A33CD5D225AB8CB00734BC6 /* WebCam */,
				5A33CD4A225981EA00734BC6 /* Bars */,
				5A33CD3B2259604F00734BC6 /* InsightViewControllerBuilder.swift */,
				5A33CD2F2259596100734BC6 /* InsightViewController.swift */,
				5A33CD4622597D5A00734BC6 /* InsightViewController.xib */,
			);
			path = View;
			sourceTree = "<group>";
		};
		5A33CD2B2259577F00734BC6 /* Presenter */ = {
			isa = PBXGroup;
			children = (
				5A33CD312259599000734BC6 /* InsightPresenter.swift */,
				5A33CD3722595C2600734BC6 /* InsightPresenterProtocols.swift */,
				5A33CD3D225960E000734BC6 /* InsightPresenterBuilder.swift */,
			);
			path = Presenter;
			sourceTree = "<group>";
		};
		5A33CD2C2259578500734BC6 /* Interactor */ = {
			isa = PBXGroup;
			children = (
				5A33CD33225959A900734BC6 /* InsightInteractor.swift */,
				5A33CD3922595C6C00734BC6 /* InsightInteractorProtocols.swift */,
				5A33CD3F2259617B00734BC6 /* InsightInteractorBuilder.swift */,
			);
			path = Interactor;
			sourceTree = "<group>";
		};
		5A33CD2D2259578C00734BC6 /* Entity */ = {
			isa = PBXGroup;
			children = (
			);
			path = Entity;
			sourceTree = "<group>";
		};
		5A33CD2E2259579300734BC6 /* Wireframe */ = {
			isa = PBXGroup;
			children = (
				5A33CD3522595A3D00734BC6 /* InsightWireframe.swift */,
			);
			path = Wireframe;
			sourceTree = "<group>";
		};
		5A33CD412259694700734BC6 /* Modules */ = {
			isa = PBXGroup;
			children = (
				5A33CD422259694E00734BC6 /* Insight */,
			);
			path = Modules;
			sourceTree = "<group>";
		};
		5A33CD422259694E00734BC6 /* Insight */ = {
			isa = PBXGroup;
			children = (
			);
			path = Insight;
			sourceTree = "<group>";
		};
		5A33CD4A225981EA00734BC6 /* Bars */ = {
			isa = PBXGroup;
			children = (
				5A1FB0CA226AB71700D7681A /* ToolBar */,
				5A1FB0C9226AB70900D7681A /* RecordBar */,
				5A1FB0D1226AC08F00D7681A /* InsightButton.swift */,
			);
			path = Bars;
			sourceTree = "<group>";
		};
		5A33CD57225998CC00734BC6 /* Core */ = {
			isa = PBXGroup;
			children = (
				5A33CD58225998D300734BC6 /* Extensions */,
			);
			path = Core;
			sourceTree = "<group>";
		};
		5A33CD58225998D300734BC6 /* Extensions */ = {
			isa = PBXGroup;
			children = (
				5A33CD59225998F500734BC6 /* UIView.swift */,
			);
			path = Extensions;
			sourceTree = "<group>";
		};
		5A33CD5D225AB8CB00734BC6 /* WebCam */ = {
			isa = PBXGroup;
			children = (
				5A33CD5E225AB8F500734BC6 /* WebCamView.swift */,
			);
			path = WebCam;
			sourceTree = "<group>";
		};
/* End PBXGroup section */

/* Begin PBXNativeTarget section */
		5A33CCF6225956B900734BC6 /* Insight */ = {
			isa = PBXNativeTarget;
			buildConfigurationList = 5A33CD1F225956BC00734BC6 /* Build configuration list for PBXNativeTarget "Insight" */;
			buildPhases = (
				5A33CCF3225956B900734BC6 /* Sources */,
				5A33CCF4225956B900734BC6 /* Frameworks */,
				5A33CCF5225956B900734BC6 /* Resources */,
			);
			buildRules = (
			);
			dependencies = (
			);
			name = Insight;
			productName = Insight;
			productReference = 5A33CCF7225956B900734BC6 /* Insight.app */;
			productType = "com.apple.product-type.application";
		};
		5A33CD0A225956BC00734BC6 /* InsightTests */ = {
			isa = PBXNativeTarget;
			buildConfigurationList = 5A33CD22225956BC00734BC6 /* Build configuration list for PBXNativeTarget "InsightTests" */;
			buildPhases = (
				5A33CD07225956BC00734BC6 /* Sources */,
				5A33CD08225956BC00734BC6 /* Frameworks */,
				5A33CD09225956BC00734BC6 /* Resources */,
			);
			buildRules = (
			);
			dependencies = (
				5A33CD0D225956BC00734BC6 /* PBXTargetDependency */,
			);
			name = InsightTests;
			productName = InsightTests;
			productReference = 5A33CD0B225956BC00734BC6 /* InsightTests.xctest */;
			productType = "com.apple.product-type.bundle.unit-test";
		};
		5A33CD15225956BC00734BC6 /* InsightUITests */ = {
			isa = PBXNativeTarget;
			buildConfigurationList = 5A33CD25225956BC00734BC6 /* Build configuration list for PBXNativeTarget "InsightUITests" */;
			buildPhases = (
				5A33CD12225956BC00734BC6 /* Sources */,
				5A33CD13225956BC00734BC6 /* Frameworks */,
				5A33CD14225956BC00734BC6 /* Resources */,
			);
			buildRules = (
			);
			dependencies = (
				5A33CD18225956BC00734BC6 /* PBXTargetDependency */,
			);
			name = InsightUITests;
			productName = InsightUITests;
			productReference = 5A33CD16225956BC00734BC6 /* InsightUITests.xctest */;
			productType = "com.apple.product-type.bundle.ui-testing";
		};
/* End PBXNativeTarget section */

/* Begin PBXProject section */
		5A33CCEF225956B900734BC6 /* Project object */ = {
			isa = PBXProject;
			attributes = {
				LastSwiftUpdateCheck = 1010;
				LastUpgradeCheck = 1010;
				ORGANIZATIONNAME = "Douglas Mandarino";
				TargetAttributes = {
					5A33CCF6225956B900734BC6 = {
						CreatedOnToolsVersion = 10.1;
						LastSwiftMigration = 1020;
						SystemCapabilities = {
							com.apple.BackgroundModes = {
								enabled = 1;
							};
						};
					};
					5A33CD0A225956BC00734BC6 = {
						CreatedOnToolsVersion = 10.1;
						LastSwiftMigration = 1020;
						TestTargetID = 5A33CCF6225956B900734BC6;
					};
					5A33CD15225956BC00734BC6 = {
						CreatedOnToolsVersion = 10.1;
						LastSwiftMigration = 1020;
						TestTargetID = 5A33CCF6225956B900734BC6;
					};
				};
			};
			buildConfigurationList = 5A33CCF2225956B900734BC6 /* Build configuration list for PBXProject "Insight" */;
			compatibilityVersion = "Xcode 9.3";
			developmentRegion = en;
			hasScannedForEncodings = 0;
			knownRegions = (
				en,
				Base,
			);
			mainGroup = 5A33CCEE225956B900734BC6;
			productRefGroup = 5A33CCF8225956B900734BC6 /* Products */;
			projectDirPath = "";
			projectRoot = "";
			targets = (
				5A33CCF6225956B900734BC6 /* Insight */,
				5A33CD0A225956BC00734BC6 /* InsightTests */,
				5A33CD15225956BC00734BC6 /* InsightUITests */,
			);
		};
/* End PBXProject section */

/* Begin PBXResourcesBuildPhase section */
		5A33CCF5225956B900734BC6 /* Resources */ = {
			isa = PBXResourcesBuildPhase;
			buildActionMask = 2147483647;
			files = (
				5A33CD5C2259BAC800734BC6 /* LaunchScreen.xib in Resources */,
				5A1FB0CE226AB79A00D7681A /* ToolBarView.xib in Resources */,
				5A33CD02225956BC00734BC6 /* Assets.xcassets in Resources */,
				5A33CD54225981F300734BC6 /* RecordBarView.xib in Resources */,
				5A1FB0D7226B739800D7681A /* LaserPointerView.xib in Resources */,
				5A33CD4722597D5A00734BC6 /* InsightViewController.xib in Resources */,
			);
			runOnlyForDeploymentPostprocessing = 0;
		};
		5A33CD09225956BC00734BC6 /* Resources */ = {
			isa = PBXResourcesBuildPhase;
			buildActionMask = 2147483647;
			files = (
			);
			runOnlyForDeploymentPostprocessing = 0;
		};
		5A33CD14225956BC00734BC6 /* Resources */ = {
			isa = PBXResourcesBuildPhase;
			buildActionMask = 2147483647;
			files = (
			);
			runOnlyForDeploymentPostprocessing = 0;
		};
/* End PBXResourcesBuildPhase section */

/* Begin PBXSourcesBuildPhase section */
		5A33CCF3225956B900734BC6 /* Sources */ = {
			isa = PBXSourcesBuildPhase;
			buildActionMask = 2147483647;
			files = (
				5A1FB0D2226AC08F00D7681A /* InsightButton.swift in Sources */,
				5A33CD302259596100734BC6 /* InsightViewController.swift in Sources */,
				5A33CD3C2259604F00734BC6 /* InsightViewControllerBuilder.swift in Sources */,
				5A1FB0CC226AB75300D7681A /* ToolBarView.swift in Sources */,
				5A1FB0D5226B715100D7681A /* LaserPointerView.swift in Sources */,
				5A33CD3E225960E000734BC6 /* InsightPresenterBuilder.swift in Sources */,
				5A33CD3A22595C6C00734BC6 /* InsightInteractorProtocols.swift in Sources */,
				5A33CD562259829F00734BC6 /* RecordBarView.swift in Sources */,
				5A33CCFB225956B900734BC6 /* AppDelegate.swift in Sources */,
				5A33CD3622595A3D00734BC6 /* InsightWireframe.swift in Sources */,
				5A33CD322259599000734BC6 /* InsightPresenter.swift in Sources */,
				5A33CD5F225AB8F500734BC6 /* WebCamView.swift in Sources */,
				5A33CD34225959A900734BC6 /* InsightInteractor.swift in Sources */,
				5A33CD402259617B00734BC6 /* InsightInteractorBuilder.swift in Sources */,
				5A33CD5A225998F500734BC6 /* UIView.swift in Sources */,
				5A33CD3822595C2600734BC6 /* InsightPresenterProtocols.swift in Sources */,
			);
			runOnlyForDeploymentPostprocessing = 0;
		};
		5A33CD07225956BC00734BC6 /* Sources */ = {
			isa = PBXSourcesBuildPhase;
			buildActionMask = 2147483647;
			files = (
				5A33CD10225956BC00734BC6 /* InsightTests.swift in Sources */,
			);
			runOnlyForDeploymentPostprocessing = 0;
		};
		5A33CD12225956BC00734BC6 /* Sources */ = {
			isa = PBXSourcesBuildPhase;
			buildActionMask = 2147483647;
			files = (
				5A33CD1B225956BC00734BC6 /* InsightUITests.swift in Sources */,
			);
			runOnlyForDeploymentPostprocessing = 0;
		};
/* End PBXSourcesBuildPhase section */

/* Begin PBXTargetDependency section */
		5A33CD0D225956BC00734BC6 /* PBXTargetDependency */ = {
			isa = PBXTargetDependency;
			target = 5A33CCF6225956B900734BC6 /* Insight */;
			targetProxy = 5A33CD0C225956BC00734BC6 /* PBXContainerItemProxy */;
		};
		5A33CD18225956BC00734BC6 /* PBXTargetDependency */ = {
			isa = PBXTargetDependency;
			target = 5A33CCF6225956B900734BC6 /* Insight */;
			targetProxy = 5A33CD17225956BC00734BC6 /* PBXContainerItemProxy */;
		};
/* End PBXTargetDependency section */

/* Begin XCBuildConfiguration section */
		5A33CD1D225956BC00734BC6 /* Debug */ = {
			isa = XCBuildConfiguration;
			buildSettings = {
				ALWAYS_SEARCH_USER_PATHS = NO;
				CLANG_ANALYZER_NONNULL = YES;
				CLANG_ANALYZER_NUMBER_OBJECT_CONVERSION = YES_AGGRESSIVE;
				CLANG_CXX_LANGUAGE_STANDARD = "gnu++14";
				CLANG_CXX_LIBRARY = "libc++";
				CLANG_ENABLE_MODULES = YES;
				CLANG_ENABLE_OBJC_ARC = YES;
				CLANG_ENABLE_OBJC_WEAK = YES;
				CLANG_WARN_BLOCK_CAPTURE_AUTORELEASING = YES;
				CLANG_WARN_BOOL_CONVERSION = YES;
				CLANG_WARN_COMMA = YES;
				CLANG_WARN_CONSTANT_CONVERSION = YES;
				CLANG_WARN_DEPRECATED_OBJC_IMPLEMENTATIONS = YES;
				CLANG_WARN_DIRECT_OBJC_ISA_USAGE = YES_ERROR;
				CLANG_WARN_DOCUMENTATION_COMMENTS = YES;
				CLANG_WARN_EMPTY_BODY = YES;
				CLANG_WARN_ENUM_CONVERSION = YES;
				CLANG_WARN_INFINITE_RECURSION = YES;
				CLANG_WARN_INT_CONVERSION = YES;
				CLANG_WARN_NON_LITERAL_NULL_CONVERSION = YES;
				CLANG_WARN_OBJC_IMPLICIT_RETAIN_SELF = YES;
				CLANG_WARN_OBJC_LITERAL_CONVERSION = YES;
				CLANG_WARN_OBJC_ROOT_CLASS = YES_ERROR;
				CLANG_WARN_RANGE_LOOP_ANALYSIS = YES;
				CLANG_WARN_STRICT_PROTOTYPES = YES;
				CLANG_WARN_SUSPICIOUS_MOVE = YES;
				CLANG_WARN_UNGUARDED_AVAILABILITY = YES_AGGRESSIVE;
				CLANG_WARN_UNREACHABLE_CODE = YES;
				CLANG_WARN__DUPLICATE_METHOD_MATCH = YES;
				CODE_SIGN_IDENTITY = "iPhone Developer";
				COPY_PHASE_STRIP = NO;
				DEBUG_INFORMATION_FORMAT = dwarf;
				ENABLE_STRICT_OBJC_MSGSEND = YES;
				ENABLE_TESTABILITY = YES;
				GCC_C_LANGUAGE_STANDARD = gnu11;
				GCC_DYNAMIC_NO_PIC = NO;
				GCC_NO_COMMON_BLOCKS = YES;
				GCC_OPTIMIZATION_LEVEL = 0;
				GCC_PREPROCESSOR_DEFINITIONS = (
					"DEBUG=1",
					"$(inherited)",
				);
				GCC_WARN_64_TO_32_BIT_CONVERSION = YES;
				GCC_WARN_ABOUT_RETURN_TYPE = YES_ERROR;
				GCC_WARN_UNDECLARED_SELECTOR = YES;
				GCC_WARN_UNINITIALIZED_AUTOS = YES_AGGRESSIVE;
				GCC_WARN_UNUSED_FUNCTION = YES;
				GCC_WARN_UNUSED_VARIABLE = YES;
				IPHONEOS_DEPLOYMENT_TARGET = 12.1;
				MTL_ENABLE_DEBUG_INFO = INCLUDE_SOURCE;
				MTL_FAST_MATH = YES;
				ONLY_ACTIVE_ARCH = YES;
				SDKROOT = iphoneos;
				SWIFT_ACTIVE_COMPILATION_CONDITIONS = DEBUG;
				SWIFT_OPTIMIZATION_LEVEL = "-Onone";
			};
			name = Debug;
		};
		5A33CD1E225956BC00734BC6 /* Release */ = {
			isa = XCBuildConfiguration;
			buildSettings = {
				ALWAYS_SEARCH_USER_PATHS = NO;
				CLANG_ANALYZER_NONNULL = YES;
				CLANG_ANALYZER_NUMBER_OBJECT_CONVERSION = YES_AGGRESSIVE;
				CLANG_CXX_LANGUAGE_STANDARD = "gnu++14";
				CLANG_CXX_LIBRARY = "libc++";
				CLANG_ENABLE_MODULES = YES;
				CLANG_ENABLE_OBJC_ARC = YES;
				CLANG_ENABLE_OBJC_WEAK = YES;
				CLANG_WARN_BLOCK_CAPTURE_AUTORELEASING = YES;
				CLANG_WARN_BOOL_CONVERSION = YES;
				CLANG_WARN_COMMA = YES;
				CLANG_WARN_CONSTANT_CONVERSION = YES;
				CLANG_WARN_DEPRECATED_OBJC_IMPLEMENTATIONS = YES;
				CLANG_WARN_DIRECT_OBJC_ISA_USAGE = YES_ERROR;
				CLANG_WARN_DOCUMENTATION_COMMENTS = YES;
				CLANG_WARN_EMPTY_BODY = YES;
				CLANG_WARN_ENUM_CONVERSION = YES;
				CLANG_WARN_INFINITE_RECURSION = YES;
				CLANG_WARN_INT_CONVERSION = YES;
				CLANG_WARN_NON_LITERAL_NULL_CONVERSION = YES;
				CLANG_WARN_OBJC_IMPLICIT_RETAIN_SELF = YES;
				CLANG_WARN_OBJC_LITERAL_CONVERSION = YES;
				CLANG_WARN_OBJC_ROOT_CLASS = YES_ERROR;
				CLANG_WARN_RANGE_LOOP_ANALYSIS = YES;
				CLANG_WARN_STRICT_PROTOTYPES = YES;
				CLANG_WARN_SUSPICIOUS_MOVE = YES;
				CLANG_WARN_UNGUARDED_AVAILABILITY = YES_AGGRESSIVE;
				CLANG_WARN_UNREACHABLE_CODE = YES;
				CLANG_WARN__DUPLICATE_METHOD_MATCH = YES;
				CODE_SIGN_IDENTITY = "iPhone Developer";
				COPY_PHASE_STRIP = NO;
				DEBUG_INFORMATION_FORMAT = "dwarf-with-dsym";
				ENABLE_NS_ASSERTIONS = NO;
				ENABLE_STRICT_OBJC_MSGSEND = YES;
				GCC_C_LANGUAGE_STANDARD = gnu11;
				GCC_NO_COMMON_BLOCKS = YES;
				GCC_WARN_64_TO_32_BIT_CONVERSION = YES;
				GCC_WARN_ABOUT_RETURN_TYPE = YES_ERROR;
				GCC_WARN_UNDECLARED_SELECTOR = YES;
				GCC_WARN_UNINITIALIZED_AUTOS = YES_AGGRESSIVE;
				GCC_WARN_UNUSED_FUNCTION = YES;
				GCC_WARN_UNUSED_VARIABLE = YES;
				IPHONEOS_DEPLOYMENT_TARGET = 12.1;
				MTL_ENABLE_DEBUG_INFO = NO;
				MTL_FAST_MATH = YES;
				SDKROOT = iphoneos;
				SWIFT_COMPILATION_MODE = wholemodule;
				SWIFT_OPTIMIZATION_LEVEL = "-O";
				VALIDATE_PRODUCT = YES;
			};
			name = Release;
		};
		5A33CD20225956BC00734BC6 /* Debug */ = {
			isa = XCBuildConfiguration;
			buildSettings = {
				ASSETCATALOG_COMPILER_APPICON_NAME = AppIcon;
				CODE_SIGN_STYLE = Automatic;
				DEVELOPMENT_TEAM = N3GG8VLR9P;
				INFOPLIST_FILE = Insight/Info.plist;
				IPHONEOS_DEPLOYMENT_TARGET = 12.1;
				LD_RUNPATH_SEARCH_PATHS = (
					"$(inherited)",
					"@executable_path/Frameworks",
				);
				PRODUCT_BUNDLE_IDENTIFIER = com.mandarino.douglas.Insight;
				PRODUCT_NAME = "$(TARGET_NAME)";
				SWIFT_VERSION = 5.0;
				TARGETED_DEVICE_FAMILY = "1,2";
			};
			name = Debug;
		};
		5A33CD21225956BC00734BC6 /* Release */ = {
			isa = XCBuildConfiguration;
			buildSettings = {
				ASSETCATALOG_COMPILER_APPICON_NAME = AppIcon;
				CODE_SIGN_STYLE = Automatic;
				DEVELOPMENT_TEAM = N3GG8VLR9P;
				INFOPLIST_FILE = Insight/Info.plist;
				IPHONEOS_DEPLOYMENT_TARGET = 12.1;
				LD_RUNPATH_SEARCH_PATHS = (
					"$(inherited)",
					"@executable_path/Frameworks",
				);
				PRODUCT_BUNDLE_IDENTIFIER = com.mandarino.douglas.Insight;
				PRODUCT_NAME = "$(TARGET_NAME)";
				SWIFT_VERSION = 5.0;
				TARGETED_DEVICE_FAMILY = "1,2";
			};
			name = Release;
		};
		5A33CD23225956BC00734BC6 /* Debug */ = {
			isa = XCBuildConfiguration;
			buildSettings = {
				ALWAYS_EMBED_SWIFT_STANDARD_LIBRARIES = YES;
				BUNDLE_LOADER = "$(TEST_HOST)";
				CODE_SIGN_STYLE = Automatic;
				DEVELOPMENT_TEAM = N3GG8VLR9P;
				INFOPLIST_FILE = InsightTests/Info.plist;
				LD_RUNPATH_SEARCH_PATHS = (
					"$(inherited)",
					"@executable_path/Frameworks",
					"@loader_path/Frameworks",
				);
				PRODUCT_BUNDLE_IDENTIFIER = com.mandarino.douglas.InsightTests;
				PRODUCT_NAME = "$(TARGET_NAME)";
				SWIFT_VERSION = 5.0;
				TARGETED_DEVICE_FAMILY = "1,2";
				TEST_HOST = "$(BUILT_PRODUCTS_DIR)/Insight.app/Insight";
			};
			name = Debug;
		};
		5A33CD24225956BC00734BC6 /* Release */ = {
			isa = XCBuildConfiguration;
			buildSettings = {
				ALWAYS_EMBED_SWIFT_STANDARD_LIBRARIES = YES;
				BUNDLE_LOADER = "$(TEST_HOST)";
				CODE_SIGN_STYLE = Automatic;
				DEVELOPMENT_TEAM = N3GG8VLR9P;
				INFOPLIST_FILE = InsightTests/Info.plist;
				LD_RUNPATH_SEARCH_PATHS = (
					"$(inherited)",
					"@executable_path/Frameworks",
					"@loader_path/Frameworks",
				);
				PRODUCT_BUNDLE_IDENTIFIER = com.mandarino.douglas.InsightTests;
				PRODUCT_NAME = "$(TARGET_NAME)";
				SWIFT_VERSION = 5.0;
				TARGETED_DEVICE_FAMILY = "1,2";
				TEST_HOST = "$(BUILT_PRODUCTS_DIR)/Insight.app/Insight";
			};
			name = Release;
		};
		5A33CD26225956BC00734BC6 /* Debug */ = {
			isa = XCBuildConfiguration;
			buildSettings = {
				ALWAYS_EMBED_SWIFT_STANDARD_LIBRARIES = YES;
				CODE_SIGN_STYLE = Automatic;
				DEVELOPMENT_TEAM = N3GG8VLR9P;
				INFOPLIST_FILE = InsightUITests/Info.plist;
				LD_RUNPATH_SEARCH_PATHS = (
					"$(inherited)",
					"@executable_path/Frameworks",
					"@loader_path/Frameworks",
				);
				PRODUCT_BUNDLE_IDENTIFIER = com.mandarino.douglas.InsightUITests;
				PRODUCT_NAME = "$(TARGET_NAME)";
				SWIFT_VERSION = 5.0;
				TARGETED_DEVICE_FAMILY = "1,2";
				TEST_TARGET_NAME = Insight;
			};
			name = Debug;
		};
		5A33CD27225956BC00734BC6 /* Release */ = {
			isa = XCBuildConfiguration;
			buildSettings = {
				ALWAYS_EMBED_SWIFT_STANDARD_LIBRARIES = YES;
				CODE_SIGN_STYLE = Automatic;
				DEVELOPMENT_TEAM = N3GG8VLR9P;
				INFOPLIST_FILE = InsightUITests/Info.plist;
				LD_RUNPATH_SEARCH_PATHS = (
					"$(inherited)",
					"@executable_path/Frameworks",
					"@loader_path/Frameworks",
				);
				PRODUCT_BUNDLE_IDENTIFIER = com.mandarino.douglas.InsightUITests;
				PRODUCT_NAME = "$(TARGET_NAME)";
				SWIFT_VERSION = 5.0;
				TARGETED_DEVICE_FAMILY = "1,2";
				TEST_TARGET_NAME = Insight;
			};
			name = Release;
		};
/* End XCBuildConfiguration section */

/* Begin XCConfigurationList section */
		5A33CCF2225956B900734BC6 /* Build configuration list for PBXProject "Insight" */ = {
			isa = XCConfigurationList;
			buildConfigurations = (
				5A33CD1D225956BC00734BC6 /* Debug */,
				5A33CD1E225956BC00734BC6 /* Release */,
			);
			defaultConfigurationIsVisible = 0;
			defaultConfigurationName = Release;
		};
		5A33CD1F225956BC00734BC6 /* Build configuration list for PBXNativeTarget "Insight" */ = {
			isa = XCConfigurationList;
			buildConfigurations = (
				5A33CD20225956BC00734BC6 /* Debug */,
				5A33CD21225956BC00734BC6 /* Release */,
			);
			defaultConfigurationIsVisible = 0;
			defaultConfigurationName = Release;
		};
		5A33CD22225956BC00734BC6 /* Build configuration list for PBXNativeTarget "InsightTests" */ = {
			isa = XCConfigurationList;
			buildConfigurations = (
				5A33CD23225956BC00734BC6 /* Debug */,
				5A33CD24225956BC00734BC6 /* Release */,
			);
			defaultConfigurationIsVisible = 0;
			defaultConfigurationName = Release;
		};
		5A33CD25225956BC00734BC6 /* Build configuration list for PBXNativeTarget "InsightUITests" */ = {
			isa = XCConfigurationList;
			buildConfigurations = (
				5A33CD26225956BC00734BC6 /* Debug */,
				5A33CD27225956BC00734BC6 /* Release */,
			);
			defaultConfigurationIsVisible = 0;
			defaultConfigurationName = Release;
		};
/* End XCConfigurationList section */
	};
	rootObject = 5A33CCEF225956B900734BC6 /* Project object */;
}
